{
    "_meta": {
        "hash": {
            "sha256": "1022744ab384e446460b94810f0087e763cd8b5f349905d79d0b6725058d2c86"
        },
        "pipfile-spec": 6,
        "requires": {
            "python_version": "3.9"
        },
        "sources": [
            {
                "name": "pypi",
                "url": "https://pypi.org/simple",
                "verify_ssl": true
            }
        ]
    },
    "default": {
        "anyio": {
            "hashes": [
                "sha256:413adf95f93886e442aea925f3ee43baa5a765a64a0f52c6081894f9992fdd0b",
                "sha256:cb29b9c70620506a9a8f87a309591713446953302d7d995344d0d7c6c0c9a7be"
            ],
            "markers": "python_full_version >= '3.6.2'",
            "version": "==3.6.1"
        },
        "click": {
            "hashes": [
                "sha256:7682dc8afb30297001674575ea00d1814d808d6a36af415a82bd481d37ba7b8e",
                "sha256:bb4d8133cb15a609f44e8213d9b391b0809795062913b383c62be0ee95b1db48"
            ],
            "markers": "python_version >= '3.7'",
            "version": "==8.1.3"
        },
        "extremitypathfinder": {
            "hashes": [
                "sha256:a97767d7a418de33c0c2a0f83625d8df7792d64a945bca77df931d0e9ee16857",
                "sha256:c311d3c07918953800de92a5661ae373ef4d13de40e3e616b8c5309c7d9fc55e"
            ],
            "index": "pypi",
            "version": "==2.4.1"
        },
        "fastapi": {
            "hashes": [
                "sha256:4e542f71b5b0f4f54a82449e8bd0244305de319186a31addab976bf672206420",
                "sha256:5340f6016860baf94a52be5040c3a2e94c39ddc7ab4cc7548558182db742d9d6"
            ],
            "index": "pypi",
            "version": "==0.80.0"
        },
        "h11": {
            "hashes": [
                "sha256:70813c1135087a248a4d38cc0e1a0181ffab2188141a93eaf567940c3957ff06",
                "sha256:8ddd78563b633ca55346c8cd41ec0af27d3c79931828beffb46ce70a379e7442"
            ],
            "markers": "python_version >= '3.6'",
            "version": "==0.13.0"
        },
        "idna": {
            "hashes": [
                "sha256:814f528e8dead7d329833b91c5faa87d60bf71824cd12a7530b5526063d02cb4",
                "sha256:90b77e79eaa3eba6de819a0c442c0b4ceefc341a7a2ab77d7562bf49f425c5c2"
            ],
            "markers": "python_version >= '3.5'",
            "version": "==3.4"
        },
        "jpype1": {
            "hashes": [
                "sha256:0c5f665ee3e6e31c27e9d2d48dd12bf4eb4fe6858823e6a11201a035274ccfe1",
                "sha256:1c7457a2f20ab28308e4e16d2ae0842ca086785ecb0296f17ed6d85158a02c35",
                "sha256:38641e3dbbe6e973ba3f72a70fa633be37df9d6756577049298d2285604bec1a",
                "sha256:3e6eaad55495885dac041dba29adaa28574fea703ad3978be59dc9a589b02dd5",
                "sha256:64652443f5d2b807d19722e2b5f880a79a5fcc4ea6a58a682bd2f2231ff06165",
                "sha256:6775e77933f3d045be94cb8a1de288e77b5df11330acc88d94488bdf1c62ac6a",
                "sha256:72ad38acf7f1c5d729bf2c400238a0adf7595ad2d94099d76ea0bd700712696d",
                "sha256:7db36995e809a5a70e44f86f2937cfe9d0e6f9f47ead9af85e7be1e31b32c54b",
                "sha256:869e14bc15b094f26719966606a183cc8620f0ab18dfb52c2991abbeff587ef4",
                "sha256:998d2dc909d86b5fac72245d9c76303282ec634f2bcb3bbcf1c43ebeb7e08e77",
                "sha256:ae1466aa18a60af838ad6f8caed4360f165a7019005c19ba1f07d379c5b04022",
                "sha256:b852c720e47b8ebe1038e5b746b4a975912e4c580f0332e60e760ce72b1ecc47",
                "sha256:bb286d63324a352809c9cf006d194be4c9fba8a333ad20b68bb955899a20fe3b",
                "sha256:c60b3b30e786073d62c2f57a70e5373cb78ad584aa49e9cf5b2ca6eec25065c4",
                "sha256:e0eb28076b788415b990c645ae76c4fc2c86adbbfb298bf71175aa19b08386c7",
                "sha256:e5cf6b25ade01165c9b07eb6496486015029a319b4b10d6b6997a0b1d2b24344",
                "sha256:e9afaa5d4ab6921fcaf6ab1c6ce0c1328a38779581db6917838c0ba1b463d417"
            ],
            "markers": "python_version >= '3.7'",
            "version": "==1.4.0"
        },
        "networkx": {
            "hashes": [
                "sha256:2a30822761f34d56b9a370d96a4bf4827a535f5591a4078a453425caeba0c5bb",
                "sha256:bd2b7730300860cbd2dafe8e5af89ff5c9a65c3975b352799d87a6238b4301a6"
            ],
            "markers": "python_version >= '3.8'",
            "version": "==2.8.6"
        },
        "numpy": {
            "hashes": [
                "sha256:004f0efcb2fe1c0bd6ae1fcfc69cc8b6bf2407e0f18be308612007a0762b4089",
                "sha256:09f6b7bdffe57fc61d869a22f506049825d707b288039d30f26a0d0d8ea05164",
                "sha256:0ea3f98a0ffce3f8f57675eb9119f3f4edb81888b6874bc1953f91e0b1d4f440",
                "sha256:17c0e467ade9bda685d5ac7f5fa729d8d3e76b23195471adae2d6a6941bd2c18",
                "sha256:1f27b5322ac4067e67c8f9378b41c746d8feac8bdd0e0ffede5324667b8a075c",
                "sha256:22d43376ee0acd547f3149b9ec12eec2f0ca4a6ab2f61753c5b29bb3e795ac4d",
                "sha256:2ad3ec9a748a8943e6eb4358201f7e1c12ede35f510b1a2221b70af4bb64295c",
                "sha256:301c00cf5e60e08e04d842fc47df641d4a181e651c7135c50dc2762ffe293dbd",
                "sha256:39a664e3d26ea854211867d20ebcc8023257c1800ae89773cbba9f9e97bae036",
                "sha256:51bf49c0cd1d52be0a240aa66f3458afc4b95d8993d2d04f0d91fa60c10af6cd",
                "sha256:78a63d2df1d947bd9d1b11d35564c2f9e4b57898aae4626638056ec1a231c40c",
                "sha256:7cd1328e5bdf0dee621912f5833648e2daca72e3839ec1d6695e91089625f0b4",
                "sha256:8355fc10fd33a5a70981a5b8a0de51d10af3688d7a9e4a34fcc8fa0d7467bb7f",
                "sha256:8c79d7cf86d049d0c5089231a5bcd31edb03555bd93d81a16870aa98c6cfb79d",
                "sha256:91b8d6768a75247026e951dce3b2aac79dc7e78622fc148329135ba189813584",
                "sha256:94c15ca4e52671a59219146ff584488907b1f9b3fc232622b47e2cf832e94fb8",
                "sha256:98dcbc02e39b1658dc4b4508442a560fe3ca5ca0d989f0df062534e5ca3a5c1a",
                "sha256:a64403f634e5ffdcd85e0b12c08f04b3080d3e840aef118721021f9b48fc1460",
                "sha256:bc6e8da415f359b578b00bcfb1d08411c96e9a97f9e6c7adada554a0812a6cc6",
                "sha256:bdc9febce3e68b697d931941b263c59e0c74e8f18861f4064c1f712562903411",
                "sha256:c1ba66c48b19cc9c2975c0d354f24058888cdc674bebadceb3cdc9ec403fb5d1",
                "sha256:c9f707b5bb73bf277d812ded9896f9512a43edff72712f31667d0a8c2f8e71ee",
                "sha256:d5422d6a1ea9b15577a9432e26608c73a78faf0b9039437b075cf322c92e98e7",
                "sha256:e5d5420053bbb3dd64c30e58f9363d7a9c27444c3648e61460c1237f9ec3fa14",
                "sha256:e868b0389c5ccfc092031a861d4e158ea164d8b7fdbb10e3b5689b4fc6498df6",
                "sha256:efd9d3abe5774404becdb0748178b48a218f1d8c44e0375475732211ea47c67e",
                "sha256:f8c02ec3c4c4fcb718fdf89a6c6f709b14949408e8cf2a2be5bfa9c49548fd85",
                "sha256:ffcf105ecdd9396e05a8e58e81faaaf34d3f9875f137c7372450baa5d77c9a54"
            ],
            "markers": "python_version >= '3.8'",
            "version": "==1.23.3"
        },
        "optapy": {
            "hashes": [
                "sha256:426745106fcb6c3e43c05c203e881ba9a5c73160dd6ab9accab856a3388b054c",
                "sha256:e54fcbb8e0aea1c067e2bff43c77f7a1a82d637a57506f7ffd320b4e187e10ee"
            ],
            "index": "pypi",
            "version": "==8.23.0a0"
        },
        "pydantic": {
            "hashes": [
                "sha256:1061c6ee6204f4f5a27133126854948e3b3d51fcc16ead2e5d04378c199b2f44",
                "sha256:19b5686387ea0d1ea52ecc4cffb71abb21702c5e5b2ac626fd4dbaa0834aa49d",
                "sha256:2bd446bdb7755c3a94e56d7bdfd3ee92396070efa8ef3a34fab9579fe6aa1d84",
                "sha256:328558c9f2eed77bd8fffad3cef39dbbe3edc7044517f4625a769d45d4cf7555",
                "sha256:32e0b4fb13ad4db4058a7c3c80e2569adbd810c25e6ca3bbd8b2a9cc2cc871d7",
                "sha256:3ee0d69b2a5b341fc7927e92cae7ddcfd95e624dfc4870b32a85568bd65e6131",
                "sha256:4aafd4e55e8ad5bd1b19572ea2df546ccace7945853832bb99422a79c70ce9b8",
                "sha256:4b3946f87e5cef3ba2e7bd3a4eb5a20385fe36521d6cc1ebf3c08a6697c6cfb3",
                "sha256:4de71c718c9756d679420c69f216776c2e977459f77e8f679a4a961dc7304a56",
                "sha256:5565a49effe38d51882cb7bac18bda013cdb34d80ac336428e8908f0b72499b0",
                "sha256:5803ad846cdd1ed0d97eb00292b870c29c1f03732a010e66908ff48a762f20e4",
                "sha256:5da164119602212a3fe7e3bc08911a89db4710ae51444b4224c2382fd09ad453",
                "sha256:615661bfc37e82ac677543704437ff737418e4ea04bef9cf11c6d27346606044",
                "sha256:78a4d6bdfd116a559aeec9a4cfe77dda62acc6233f8b56a716edad2651023e5e",
                "sha256:7d0f183b305629765910eaad707800d2f47c6ac5bcfb8c6397abdc30b69eeb15",
                "sha256:7ead3cd020d526f75b4188e0a8d71c0dbbe1b4b6b5dc0ea775a93aca16256aeb",
                "sha256:84d76ecc908d917f4684b354a39fd885d69dd0491be175f3465fe4b59811c001",
                "sha256:8cb0bc509bfb71305d7a59d00163d5f9fc4530f0881ea32c74ff4f74c85f3d3d",
                "sha256:91089b2e281713f3893cd01d8e576771cd5bfdfbff5d0ed95969f47ef6d676c3",
                "sha256:9c9e04a6cdb7a363d7cb3ccf0efea51e0abb48e180c0d31dca8d247967d85c6e",
                "sha256:a8c5360a0297a713b4123608a7909e6869e1b56d0e96eb0d792c27585d40757f",
                "sha256:afacf6d2a41ed91fc631bade88b1d319c51ab5418870802cedb590b709c5ae3c",
                "sha256:b34ba24f3e2d0b39b43f0ca62008f7ba962cff51efa56e64ee25c4af6eed987b",
                "sha256:bd67cb2c2d9602ad159389c29e4ca964b86fa2f35c2faef54c3eb28b4efd36c8",
                "sha256:c0f5e142ef8217019e3eef6ae1b6b55f09a7a15972958d44fbd228214cede567",
                "sha256:cdb4272678db803ddf94caa4f94f8672e9a46bae4a44f167095e4d06fec12979",
                "sha256:d70916235d478404a3fa8c997b003b5f33aeac4686ac1baa767234a0f8ac2326",
                "sha256:d8ce3fb0841763a89322ea0432f1f59a2d3feae07a63ea2c958b2315e1ae8adb",
                "sha256:e0b214e57623a535936005797567231a12d0da0c29711eb3514bc2b3cd008d0f",
                "sha256:e631c70c9280e3129f071635b81207cad85e6c08e253539467e4ead0e5b219aa",
                "sha256:e78578f0c7481c850d1c969aca9a65405887003484d24f6110458fb02cca7747",
                "sha256:f0ca86b525264daa5f6b192f216a0d1e860b7383e3da1c65a1908f9c02f42801",
                "sha256:f1a68f4f65a9ee64b6ccccb5bf7e17db07caebd2730109cb8a95863cfa9c4e55",
                "sha256:fafe841be1103f340a24977f61dee76172e4ae5f647ab9e7fd1e1fca51524f08",
                "sha256:ff68fc85355532ea77559ede81f35fff79a6a5543477e168ab3a381887caea76"
            ],
            "index": "pypi",
            "version": "==1.9.2"
        },
        "python-dotenv": {
            "hashes": [
                "sha256:1684eb44636dd462b66c3ee016599815514527ad99965de77f43e0944634a7e5",
                "sha256:b77d08274639e3d34145dfa6c7008e66df0f04b7be7a75fd0d5292c191d79045"
            ],
            "index": "pypi",
            "version": "==0.21.0"
        },
        "sniffio": {
            "hashes": [
                "sha256:e60305c5e5d314f5389259b7f22aaa33d8f7dee49763119234af3755c55b9101",
                "sha256:eecefdce1e5bbfb7ad2eeaabf7c1eeb404d7757c379bd1f7e5cce9d8bf425384"
            ],
            "markers": "python_version >= '3.7'",
            "version": "==1.3.0"
        },
        "starlette": {
            "hashes": [
                "sha256:5a60c5c2d051f3a8eb546136aa0c9399773a689595e099e0877704d5888279bf",
                "sha256:c6d21096774ecb9639acad41b86b7706e52ba3bf1dc13ea4ed9ad593d47e24c7"
            ],
            "markers": "python_version >= '3.6'",
            "version": "==0.19.1"
        },
        "typing-extensions": {
            "hashes": [
                "sha256:25642c956049920a5aa49edcdd6ab1e06d7e5d467fc00e0506c44ac86fbfca02",
                "sha256:e6d2677a32f47fc7eb2795db1dd15c1f34eff616bcaf2cfb5e997f854fa1c4a6"
            ],
            "markers": "python_version < '3.10'",
            "version": "==4.3.0"
        },
        "uvicorn": {
            "hashes": [
                "sha256:0abd429ebb41e604ed8d2be6c60530de3408f250e8d2d84967d85ba9e86fe3af",
                "sha256:9a66e7c42a2a95222f76ec24a4b754c158261c4696e683b9dadc72b590e0311b"
            ],
            "index": "pypi",
            "version": "==0.18.3"
        }
    },
    "develop": {}
}
